// !$*UTF8*$!
{
	archiveVersion = 1;
	classes = {
	};
	objectVersion = 55;
	objects = {

/* Begin PBXBuildFile section */
		C811ED6426D3751D009D1C32 /* App.swift in Sources */ = {isa = PBXBuildFile; fileRef = C811ED6326D3751D009D1C32 /* App.swift */; };
		C811ED6626D3751D009D1C32 /* ProjectListView.swift in Sources */ = {isa = PBXBuildFile; fileRef = C811ED6526D3751D009D1C32 /* ProjectListView.swift */; };
		C811ED6826D3751F009D1C32 /* Assets.xcassets in Resources */ = {isa = PBXBuildFile; fileRef = C811ED6726D3751F009D1C32 /* Assets.xcassets */; };
		C811ED6B26D3751F009D1C32 /* Preview Assets.xcassets in Resources */ = {isa = PBXBuildFile; fileRef = C811ED6A26D3751F009D1C32 /* Preview Assets.xcassets */; };
		C811ED7526D3751F009D1C32 /* AsyncCoordinatorsTests.swift in Sources */ = {isa = PBXBuildFile; fileRef = C811ED7426D3751F009D1C32 /* AsyncCoordinatorsTests.swift */; };
		C811ED7F26D3751F009D1C32 /* AsyncCoordinatorsUITests.swift in Sources */ = {isa = PBXBuildFile; fileRef = C811ED7E26D3751F009D1C32 /* AsyncCoordinatorsUITests.swift */; };
		C811ED8126D3751F009D1C32 /* AsyncCoordinatorsUITestsLaunchTests.swift in Sources */ = {isa = PBXBuildFile; fileRef = C811ED8026D3751F009D1C32 /* AsyncCoordinatorsUITestsLaunchTests.swift */; };
		C82AC11F2702A78C00E5FE5B /* Utility.swift in Sources */ = {isa = PBXBuildFile; fileRef = C82AC11E2702A78C00E5FE5B /* Utility.swift */; };
		C82AC1212702A93800E5FE5B /* Model.swift in Sources */ = {isa = PBXBuildFile; fileRef = C82AC1202702A93800E5FE5B /* Model.swift */; };
		C82AC1232702A99C00E5FE5B /* LoginFlow.swift in Sources */ = {isa = PBXBuildFile; fileRef = C82AC1222702A99C00E5FE5B /* LoginFlow.swift */; };
		C82AC1252702A9E600E5FE5B /* ProjectLoader.swift in Sources */ = {isa = PBXBuildFile; fileRef = C82AC1242702A9E600E5FE5B /* ProjectLoader.swift */; };
		C82AC1272702AA4400E5FE5B /* SplashView.swift in Sources */ = {isa = PBXBuildFile; fileRef = C82AC1262702AA4400E5FE5B /* SplashView.swift */; };
		C82AC1292702B5D400E5FE5B /* UserLoader.swift in Sources */ = {isa = PBXBuildFile; fileRef = C82AC1282702B5D400E5FE5B /* UserLoader.swift */; };
		C82AC12B2702C13900E5FE5B /* LoginView.swift in Sources */ = {isa = PBXBuildFile; fileRef = C82AC12A2702C13900E5FE5B /* LoginView.swift */; };
		C82AC12F2704286D00E5FE5B /* ProjectFlow.swift in Sources */ = {isa = PBXBuildFile; fileRef = C82AC12E2704286D00E5FE5B /* ProjectFlow.swift */; };
		C854EA7126FD96C700868C62 /* MainFlow.swift in Sources */ = {isa = PBXBuildFile; fileRef = C854EA7026FD96C700868C62 /* MainFlow.swift */; };
/* End PBXBuildFile section */

/* Begin PBXContainerItemProxy section */
		C811ED7126D3751F009D1C32 /* PBXContainerItemProxy */ = {
			isa = PBXContainerItemProxy;
			containerPortal = C811ED5826D3751D009D1C32 /* Project object */;
			proxyType = 1;
			remoteGlobalIDString = C811ED5F26D3751D009D1C32;
			remoteInfo = AsyncCoordinators;
		};
		C811ED7B26D3751F009D1C32 /* PBXContainerItemProxy */ = {
			isa = PBXContainerItemProxy;
			containerPortal = C811ED5826D3751D009D1C32 /* Project object */;
			proxyType = 1;
			remoteGlobalIDString = C811ED5F26D3751D009D1C32;
			remoteInfo = AsyncCoordinators;
		};
/* End PBXContainerItemProxy section */

/* Begin PBXFileReference section */
		C811ED6026D3751D009D1C32 /* AsyncCoordinators.app */ = {isa = PBXFileReference; explicitFileType = wrapper.application; includeInIndex = 0; path = AsyncCoordinators.app; sourceTree = BUILT_PRODUCTS_DIR; };
		C811ED6326D3751D009D1C32 /* App.swift */ = {isa = PBXFileReference; lastKnownFileType = sourcecode.swift; path = App.swift; sourceTree = "<group>"; };
		C811ED6526D3751D009D1C32 /* ProjectListView.swift */ = {isa = PBXFileReference; lastKnownFileType = sourcecode.swift; path = ProjectListView.swift; sourceTree = "<group>"; };
		C811ED6726D3751F009D1C32 /* Assets.xcassets */ = {isa = PBXFileReference; lastKnownFileType = folder.assetcatalog; path = Assets.xcassets; sourceTree = "<group>"; };
		C811ED6A26D3751F009D1C32 /* Preview Assets.xcassets */ = {isa = PBXFileReference; lastKnownFileType = folder.assetcatalog; path = "Preview Assets.xcassets"; sourceTree = "<group>"; };
		C811ED7026D3751F009D1C32 /* AsyncCoordinatorsTests.xctest */ = {isa = PBXFileReference; explicitFileType = wrapper.cfbundle; includeInIndex = 0; path = AsyncCoordinatorsTests.xctest; sourceTree = BUILT_PRODUCTS_DIR; };
		C811ED7426D3751F009D1C32 /* AsyncCoordinatorsTests.swift */ = {isa = PBXFileReference; lastKnownFileType = sourcecode.swift; path = AsyncCoordinatorsTests.swift; sourceTree = "<group>"; };
		C811ED7A26D3751F009D1C32 /* AsyncCoordinatorsUITests.xctest */ = {isa = PBXFileReference; explicitFileType = wrapper.cfbundle; includeInIndex = 0; path = AsyncCoordinatorsUITests.xctest; sourceTree = BUILT_PRODUCTS_DIR; };
		C811ED7E26D3751F009D1C32 /* AsyncCoordinatorsUITests.swift */ = {isa = PBXFileReference; lastKnownFileType = sourcecode.swift; path = AsyncCoordinatorsUITests.swift; sourceTree = "<group>"; };
		C811ED8026D3751F009D1C32 /* AsyncCoordinatorsUITestsLaunchTests.swift */ = {isa = PBXFileReference; lastKnownFileType = sourcecode.swift; path = AsyncCoordinatorsUITestsLaunchTests.swift; sourceTree = "<group>"; };
		C82AC11E2702A78C00E5FE5B /* Utility.swift */ = {isa = PBXFileReference; lastKnownFileType = sourcecode.swift; path = Utility.swift; sourceTree = "<group>"; };
		C82AC1202702A93800E5FE5B /* Model.swift */ = {isa = PBXFileReference; lastKnownFileType = sourcecode.swift; path = Model.swift; sourceTree = "<group>"; };
		C82AC1222702A99C00E5FE5B /* LoginFlow.swift */ = {isa = PBXFileReference; lastKnownFileType = sourcecode.swift; path = LoginFlow.swift; sourceTree = "<group>"; };
		C82AC1242702A9E600E5FE5B /* ProjectLoader.swift */ = {isa = PBXFileReference; lastKnownFileType = sourcecode.swift; path = ProjectLoader.swift; sourceTree = "<group>"; };
		C82AC1262702AA4400E5FE5B /* SplashView.swift */ = {isa = PBXFileReference; lastKnownFileType = sourcecode.swift; path = SplashView.swift; sourceTree = "<group>"; };
		C82AC1282702B5D400E5FE5B /* UserLoader.swift */ = {isa = PBXFileReference; lastKnownFileType = sourcecode.swift; path = UserLoader.swift; sourceTree = "<group>"; };
		C82AC12A2702C13900E5FE5B /* LoginView.swift */ = {isa = PBXFileReference; lastKnownFileType = sourcecode.swift; path = LoginView.swift; sourceTree = "<group>"; };
		C82AC12E2704286D00E5FE5B /* ProjectFlow.swift */ = {isa = PBXFileReference; lastKnownFileType = sourcecode.swift; path = ProjectFlow.swift; sourceTree = "<group>"; };
		C854EA7026FD96C700868C62 /* MainFlow.swift */ = {isa = PBXFileReference; lastKnownFileType = sourcecode.swift; path = MainFlow.swift; sourceTree = "<group>"; };
/* End PBXFileReference section */

/* Begin PBXFrameworksBuildPhase section */
		C811ED5D26D3751D009D1C32 /* Frameworks */ = {
			isa = PBXFrameworksBuildPhase;
			buildActionMask = 2147483647;
			files = (
			);
			runOnlyForDeploymentPostprocessing = 0;
		};
		C811ED6D26D3751F009D1C32 /* Frameworks */ = {
			isa = PBXFrameworksBuildPhase;
			buildActionMask = 2147483647;
			files = (
			);
			runOnlyForDeploymentPostprocessing = 0;
		};
		C811ED7726D3751F009D1C32 /* Frameworks */ = {
			isa = PBXFrameworksBuildPhase;
			buildActionMask = 2147483647;
			files = (
			);
			runOnlyForDeploymentPostprocessing = 0;
		};
/* End PBXFrameworksBuildPhase section */

/* Begin PBXGroup section */
		C811ED5726D3751D009D1C32 = {
			isa = PBXGroup;
			children = (
				C811ED6226D3751D009D1C32 /* AsyncCoordinators */,
				C811ED7326D3751F009D1C32 /* AsyncCoordinatorsTests */,
				C811ED7D26D3751F009D1C32 /* AsyncCoordinatorsUITests */,
				C811ED6126D3751D009D1C32 /* Products */,
			);
			sourceTree = "<group>";
		};
		C811ED6126D3751D009D1C32 /* Products */ = {
			isa = PBXGroup;
			children = (
				C811ED6026D3751D009D1C32 /* AsyncCoordinators.app */,
				C811ED7026D3751F009D1C32 /* AsyncCoordinatorsTests.xctest */,
				C811ED7A26D3751F009D1C32 /* AsyncCoordinatorsUITests.xctest */,
			);
			name = Products;
			sourceTree = "<group>";
		};
		C811ED6226D3751D009D1C32 /* AsyncCoordinators */ = {
			isa = PBXGroup;
			children = (
				C811ED6326D3751D009D1C32 /* App.swift */,
				C854EA7026FD96C700868C62 /* MainFlow.swift */,
				C82AC1262702AA4400E5FE5B /* SplashView.swift */,
				C82AC12E2704286D00E5FE5B /* ProjectFlow.swift */,
				C811ED6526D3751D009D1C32 /* ProjectListView.swift */,
				C82AC1222702A99C00E5FE5B /* LoginFlow.swift */,
				C82AC12A2702C13900E5FE5B /* LoginView.swift */,
				C82AC1242702A9E600E5FE5B /* ProjectLoader.swift */,
				C82AC1282702B5D400E5FE5B /* UserLoader.swift */,
				C82AC1202702A93800E5FE5B /* Model.swift */,
				C82AC11E2702A78C00E5FE5B /* Utility.swift */,
				C811ED6726D3751F009D1C32 /* Assets.xcassets */,
				C811ED6926D3751F009D1C32 /* Preview Content */,
			);
			path = AsyncCoordinators;
			sourceTree = "<group>";
		};
		C811ED6926D3751F009D1C32 /* Preview Content */ = {
			isa = PBXGroup;
			children = (
				C811ED6A26D3751F009D1C32 /* Preview Assets.xcassets */,
			);
			path = "Preview Content";
			sourceTree = "<group>";
		};
		C811ED7326D3751F009D1C32 /* AsyncCoordinatorsTests */ = {
			isa = PBXGroup;
			children = (
				C811ED7426D3751F009D1C32 /* AsyncCoordinatorsTests.swift */,
			);
			path = AsyncCoordinatorsTests;
			sourceTree = "<group>";
		};
		C811ED7D26D3751F009D1C32 /* AsyncCoordinatorsUITests */ = {
			isa = PBXGroup;
			children = (
				C811ED7E26D3751F009D1C32 /* AsyncCoordinatorsUITests.swift */,
				C811ED8026D3751F009D1C32 /* AsyncCoordinatorsUITestsLaunchTests.swift */,
			);
			path = AsyncCoordinatorsUITests;
			sourceTree = "<group>";
		};
/* End PBXGroup section */

/* Begin PBXNativeTarget section */
		C811ED5F26D3751D009D1C32 /* AsyncCoordinators */ = {
			isa = PBXNativeTarget;
			buildConfigurationList = C811ED8426D3751F009D1C32 /* Build configuration list for PBXNativeTarget "AsyncCoordinators" */;
			buildPhases = (
				C811ED5C26D3751D009D1C32 /* Sources */,
				C811ED5D26D3751D009D1C32 /* Frameworks */,
				C811ED5E26D3751D009D1C32 /* Resources */,
			);
			buildRules = (
			);
			dependencies = (
			);
			name = AsyncCoordinators;
			productName = AsyncCoordinators;
			productReference = C811ED6026D3751D009D1C32 /* AsyncCoordinators.app */;
			productType = "com.apple.product-type.application";
		};
		C811ED6F26D3751F009D1C32 /* AsyncCoordinatorsTests */ = {
			isa = PBXNativeTarget;
			buildConfigurationList = C811ED8726D3751F009D1C32 /* Build configuration list for PBXNativeTarget "AsyncCoordinatorsTests" */;
			buildPhases = (
				C811ED6C26D3751F009D1C32 /* Sources */,
				C811ED6D26D3751F009D1C32 /* Frameworks */,
				C811ED6E26D3751F009D1C32 /* Resources */,
			);
			buildRules = (
			);
			dependencies = (
				C811ED7226D3751F009D1C32 /* PBXTargetDependency */,
			);
			name = AsyncCoordinatorsTests;
			productName = AsyncCoordinatorsTests;
			productReference = C811ED7026D3751F009D1C32 /* AsyncCoordinatorsTests.xctest */;
			productType = "com.apple.product-type.bundle.unit-test";
		};
		C811ED7926D3751F009D1C32 /* AsyncCoordinatorsUITests */ = {
			isa = PBXNativeTarget;
			buildConfigurationList = C811ED8A26D3751F009D1C32 /* Build configuration list for PBXNativeTarget "AsyncCoordinatorsUITests" */;
			buildPhases = (
				C811ED7626D3751F009D1C32 /* Sources */,
				C811ED7726D3751F009D1C32 /* Frameworks */,
				C811ED7826D3751F009D1C32 /* Resources */,
			);
			buildRules = (
			);
			dependencies = (
				C811ED7C26D3751F009D1C32 /* PBXTargetDependency */,
			);
			name = AsyncCoordinatorsUITests;
			productName = AsyncCoordinatorsUITests;
			productReference = C811ED7A26D3751F009D1C32 /* AsyncCoordinatorsUITests.xctest */;
			productType = "com.apple.product-type.bundle.ui-testing";
		};
/* End PBXNativeTarget section */

/* Begin PBXProject section */
		C811ED5826D3751D009D1C32 /* Project object */ = {
			isa = PBXProject;
			attributes = {
				BuildIndependentTargetsInParallel = 1;
				LastSwiftUpdateCheck = 1300;
				LastUpgradeCheck = 1300;
				TargetAttributes = {
					C811ED5F26D3751D009D1C32 = {
						CreatedOnToolsVersion = 13.0;
					};
					C811ED6F26D3751F009D1C32 = {
						CreatedOnToolsVersion = 13.0;
						TestTargetID = C811ED5F26D3751D009D1C32;
					};
					C811ED7926D3751F009D1C32 = {
						CreatedOnToolsVersion = 13.0;
						TestTargetID = C811ED5F26D3751D009D1C32;
					};
				};
			};
			buildConfigurationList = C811ED5B26D3751D009D1C32 /* Build configuration list for PBXProject "AsyncCoordinators" */;
			compatibilityVersion = "Xcode 13.0";
			developmentRegion = en;
			hasScannedForEncodings = 0;
			knownRegions = (
				en,
				Base,
			);
			mainGroup = C811ED5726D3751D009D1C32;
			productRefGroup = C811ED6126D3751D009D1C32 /* Products */;
			projectDirPath = "";
			projectRoot = "";
			targets = (
				C811ED5F26D3751D009D1C32 /* AsyncCoordinators */,
				C811ED6F26D3751F009D1C32 /* AsyncCoordinatorsTests */,
				C811ED7926D3751F009D1C32 /* AsyncCoordinatorsUITests */,
			);
		};
/* End PBXProject section */

/* Begin PBXResourcesBuildPhase section */
		C811ED5E26D3751D009D1C32 /* Resources */ = {
			isa = PBXResourcesBuildPhase;
			buildActionMask = 2147483647;
			files = (
				C811ED6B26D3751F009D1C32 /* Preview Assets.xcassets in Resources */,
				C811ED6826D3751F009D1C32 /* Assets.xcassets in Resources */,
			);
			runOnlyForDeploymentPostprocessing = 0;
		};
		C811ED6E26D3751F009D1C32 /* Resources */ = {
			isa = PBXResourcesBuildPhase;
			buildActionMask = 2147483647;
			files = (
			);
			runOnlyForDeploymentPostprocessing = 0;
		};
		C811ED7826D3751F009D1C32 /* Resources */ = {
			isa = PBXResourcesBuildPhase;
			buildActionMask = 2147483647;
			files = (
			);
			runOnlyForDeploymentPostprocessing = 0;
		};
/* End PBXResourcesBuildPhase section */

/* Begin PBXSourcesBuildPhase section */
		C811ED5C26D3751D009D1C32 /* Sources */ = {
			isa = PBXSourcesBuildPhase;
			buildActionMask = 2147483647;
			files = (
				C82AC1212702A93800E5FE5B /* Model.swift in Sources */,
				C82AC1272702AA4400E5FE5B /* SplashView.swift in Sources */,
				C82AC11F2702A78C00E5FE5B /* Utility.swift in Sources */,
				C854EA7126FD96C700868C62 /* MainFlow.swift in Sources */,
				C82AC1252702A9E600E5FE5B /* ProjectLoader.swift in Sources */,
				C82AC12F2704286D00E5FE5B /* ProjectFlow.swift in Sources */,
				C82AC1232702A99C00E5FE5B /* LoginFlow.swift in Sources */,
				C82AC1292702B5D400E5FE5B /* UserLoader.swift in Sources */,
				C811ED6626D3751D009D1C32 /* ProjectListView.swift in Sources */,
				C82AC12B2702C13900E5FE5B /* LoginView.swift in Sources */,
				C811ED6426D3751D009D1C32 /* App.swift in Sources */,
			);
			runOnlyForDeploymentPostprocessing = 0;
		};
		C811ED6C26D3751F009D1C32 /* Sources */ = {
			isa = PBXSourcesBuildPhase;
			buildActionMask = 2147483647;
			files = (
				C811ED7526D3751F009D1C32 /* AsyncCoordinatorsTests.swift in Sources */,
			);
			runOnlyForDeploymentPostprocessing = 0;
		};
		C811ED7626D3751F009D1C32 /* Sources */ = {
			isa = PBXSourcesBuildPhase;
			buildActionMask = 2147483647;
			files = (
				C811ED8126D3751F009D1C32 /* AsyncCoordinatorsUITestsLaunchTests.swift in Sources */,
				C811ED7F26D3751F009D1C32 /* AsyncCoordinatorsUITests.swift in Sources */,
			);
			runOnlyForDeploymentPostprocessing = 0;
		};
/* End PBXSourcesBuildPhase section */

/* Begin PBXTargetDependency section */
		C811ED7226D3751F009D1C32 /* PBXTargetDependency */ = {
			isa = PBXTargetDependency;
			target = C811ED5F26D3751D009D1C32 /* AsyncCoordinators */;
			targetProxy = C811ED7126D3751F009D1C32 /* PBXContainerItemProxy */;
		};
		C811ED7C26D3751F009D1C32 /* PBXTargetDependency */ = {
			isa = PBXTargetDependency;
			target = C811ED5F26D3751D009D1C32 /* AsyncCoordinators */;
			targetProxy = C811ED7B26D3751F009D1C32 /* PBXContainerItemProxy */;
		};
/* End PBXTargetDependency section */

/* Begin XCBuildConfiguration section */
		C811ED8226D3751F009D1C32 /* Debug */ = {
			isa = XCBuildConfiguration;
			buildSettings = {
				ALWAYS_SEARCH_USER_PATHS = NO;
				CLANG_ANALYZER_NONNULL = YES;
				CLANG_ANALYZER_NUMBER_OBJECT_CONVERSION = YES_AGGRESSIVE;
				CLANG_CXX_LANGUAGE_STANDARD = "gnu++17";
				CLANG_CXX_LIBRARY = "libc++";
				CLANG_ENABLE_MODULES = YES;
				CLANG_ENABLE_OBJC_ARC = YES;
				CLANG_ENABLE_OBJC_WEAK = YES;
				CLANG_WARN_BLOCK_CAPTURE_AUTORELEASING = YES;
				CLANG_WARN_BOOL_CONVERSION = YES;
				CLANG_WARN_COMMA = YES;
				CLANG_WARN_CONSTANT_CONVERSION = YES;
				CLANG_WARN_DEPRECATED_OBJC_IMPLEMENTATIONS = YES;
				CLANG_WARN_DIRECT_OBJC_ISA_USAGE = YES_ERROR;
				CLANG_WARN_DOCUMENTATION_COMMENTS = YES;
				CLANG_WARN_EMPTY_BODY = YES;
				CLANG_WARN_ENUM_CONVERSION = YES;
				CLANG_WARN_INFINITE_RECURSION = YES;
				CLANG_WARN_INT_CONVERSION = YES;
				CLANG_WARN_NON_LITERAL_NULL_CONVERSION = YES;
				CLANG_WARN_OBJC_IMPLICIT_RETAIN_SELF = YES;
				CLANG_WARN_OBJC_LITERAL_CONVERSION = YES;
				CLANG_WARN_OBJC_ROOT_CLASS = YES_ERROR;
				CLANG_WARN_QUOTED_INCLUDE_IN_FRAMEWORK_HEADER = YES;
				CLANG_WARN_RANGE_LOOP_ANALYSIS = YES;
				CLANG_WARN_STRICT_PROTOTYPES = YES;
				CLANG_WARN_SUSPICIOUS_MOVE = YES;
				CLANG_WARN_UNGUARDED_AVAILABILITY = YES_AGGRESSIVE;
				CLANG_WARN_UNREACHABLE_CODE = YES;
				CLANG_WARN__DUPLICATE_METHOD_MATCH = YES;
				COPY_PHASE_STRIP = NO;
				DEBUG_INFORMATION_FORMAT = dwarf;
				ENABLE_STRICT_OBJC_MSGSEND = YES;
				ENABLE_TESTABILITY = YES;
				GCC_C_LANGUAGE_STANDARD = gnu11;
				GCC_DYNAMIC_NO_PIC = NO;
				GCC_NO_COMMON_BLOCKS = YES;
				GCC_OPTIMIZATION_LEVEL = 0;
				GCC_PREPROCESSOR_DEFINITIONS = (
					"DEBUG=1",
					"$(inherited)",
				);
				GCC_WARN_64_TO_32_BIT_CONVERSION = YES;
				GCC_WARN_ABOUT_RETURN_TYPE = YES_ERROR;
				GCC_WARN_UNDECLARED_SELECTOR = YES;
				GCC_WARN_UNINITIALIZED_AUTOS = YES_AGGRESSIVE;
				GCC_WARN_UNUSED_FUNCTION = YES;
				GCC_WARN_UNUSED_VARIABLE = YES;
				IPHONEOS_DEPLOYMENT_TARGET = 15.0;
				MTL_ENABLE_DEBUG_INFO = INCLUDE_SOURCE;
				MTL_FAST_MATH = YES;
				ONLY_ACTIVE_ARCH = YES;
				SDKROOT = iphoneos;
				SWIFT_ACTIVE_COMPILATION_CONDITIONS = DEBUG;
				SWIFT_OPTIMIZATION_LEVEL = "-Onone";
			};
			name = Debug;
		};
		C811ED8326D3751F009D1C32 /* Release */ = {
			isa = XCBuildConfiguration;
			buildSettings = {
				ALWAYS_SEARCH_USER_PATHS = NO;
				CLANG_ANALYZER_NONNULL = YES;
				CLANG_ANALYZER_NUMBER_OBJECT_CONVERSION = YES_AGGRESSIVE;
				CLANG_CXX_LANGUAGE_STANDARD = "gnu++17";
				CLANG_CXX_LIBRARY = "libc++";
				CLANG_ENABLE_MODULES = YES;
				CLANG_ENABLE_OBJC_ARC = YES;
				CLANG_ENABLE_OBJC_WEAK = YES;
				CLANG_WARN_BLOCK_CAPTURE_AUTORELEASING = YES;
				CLANG_WARN_BOOL_CONVERSION = YES;
				CLANG_WARN_COMMA = YES;
				CLANG_WARN_CONSTANT_CONVERSION = YES;
				CLANG_WARN_DEPRECATED_OBJC_IMPLEMENTATIONS = YES;
				CLANG_WARN_DIRECT_OBJC_ISA_USAGE = YES_ERROR;
				CLANG_WARN_DOCUMENTATION_COMMENTS = YES;
				CLANG_WARN_EMPTY_BODY = YES;
				CLANG_WARN_ENUM_CONVERSION = YES;
				CLANG_WARN_INFINITE_RECURSION = YES;
				CLANG_WARN_INT_CONVERSION = YES;
				CLANG_WARN_NON_LITERAL_NULL_CONVERSION = YES;
				CLANG_WARN_OBJC_IMPLICIT_RETAIN_SELF = YES;
				CLANG_WARN_OBJC_LITERAL_CONVERSION = YES;
				CLANG_WARN_OBJC_ROOT_CLASS = YES_ERROR;
				CLANG_WARN_QUOTED_INCLUDE_IN_FRAMEWORK_HEADER = YES;
				CLANG_WARN_RANGE_LOOP_ANALYSIS = YES;
				CLANG_WARN_STRICT_PROTOTYPES = YES;
				CLANG_WARN_SUSPICIOUS_MOVE = YES;
				CLANG_WARN_UNGUARDED_AVAILABILITY = YES_AGGRESSIVE;
				CLANG_WARN_UNREACHABLE_CODE = YES;
				CLANG_WARN__DUPLICATE_METHOD_MATCH = YES;
				COPY_PHASE_STRIP = NO;
				DEBUG_INFORMATION_FORMAT = "dwarf-with-dsym";
				ENABLE_NS_ASSERTIONS = NO;
				ENABLE_STRICT_OBJC_MSGSEND = YES;
				GCC_C_LANGUAGE_STANDARD = gnu11;
				GCC_NO_COMMON_BLOCKS = YES;
				GCC_WARN_64_TO_32_BIT_CONVERSION = YES;
				GCC_WARN_ABOUT_RETURN_TYPE = YES_ERROR;
				GCC_WARN_UNDECLARED_SELECTOR = YES;
				GCC_WARN_UNINITIALIZED_AUTOS = YES_AGGRESSIVE;
				GCC_WARN_UNUSED_FUNCTION = YES;
				GCC_WARN_UNUSED_VARIABLE = YES;
				IPHONEOS_DEPLOYMENT_TARGET = 15.0;
				MTL_ENABLE_DEBUG_INFO = NO;
				MTL_FAST_MATH = YES;
				SDKROOT = iphoneos;
				SWIFT_COMPILATION_MODE = wholemodule;
				SWIFT_OPTIMIZATION_LEVEL = "-O";
				VALIDATE_PRODUCT = YES;
			};
			name = Release;
		};
		C811ED8526D3751F009D1C32 /* Debug */ = {
			isa = XCBuildConfiguration;
			buildSettings = {
				ASSETCATALOG_COMPILER_APPICON_NAME = AppIcon;
				ASSETCATALOG_COMPILER_GLOBAL_ACCENT_COLOR_NAME = AccentColor;
				CODE_SIGN_STYLE = Automatic;
				CURRENT_PROJECT_VERSION = 1;
				DEVELOPMENT_ASSET_PATHS = "\"AsyncCoordinators/Preview Content\"";
				DEVELOPMENT_TEAM = KG6GWND6BG;
				ENABLE_PREVIEWS = YES;
				GENERATE_INFOPLIST_FILE = YES;
				INFOPLIST_KEY_UIApplicationSceneManifest_Generation = YES;
				INFOPLIST_KEY_UIApplicationSupportsIndirectInputEvents = YES;
				INFOPLIST_KEY_UILaunchScreen_Generation = YES;
				INFOPLIST_KEY_UISupportedInterfaceOrientations_iPad = "UIInterfaceOrientationPortrait UIInterfaceOrientationPortraitUpsideDown UIInterfaceOrientationLandscapeLeft UIInterfaceOrientationLandscapeRight";
				INFOPLIST_KEY_UISupportedInterfaceOrientations_iPhone = "UIInterfaceOrientationPortrait UIInterfaceOrientationLandscapeLeft UIInterfaceOrientationLandscapeRight";
				LD_RUNPATH_SEARCH_PATHS = (
					"$(inherited)",
					"@executable_path/Frameworks",
				);
				MARKETING_VERSION = 1.0;
				PRODUCT_BUNDLE_IDENTIFIER = com.lightricks.AsyncCoordinators;
				PRODUCT_NAME = "$(TARGET_NAME)";
				SWIFT_EMIT_LOC_STRINGS = YES;
				SWIFT_VERSION = 5.0;
				TARGETED_DEVICE_FAMILY = "1,2";
			};
			name = Debug;
		};
		C811ED8626D3751F009D1C32 /* Release */ = {
			isa = XCBuildConfiguration;
			buildSettings = {
				ASSETCATALOG_COMPILER_APPICON_NAME = AppIcon;
				ASSETCATALOG_COMPILER_GLOBAL_ACCENT_COLOR_NAME = AccentColor;
				CODE_SIGN_STYLE = Automatic;
				CURRENT_PROJECT_VERSION = 1;
				DEVELOPMENT_ASSET_PATHS = "\"AsyncCoordinators/Preview Content\"";
				DEVELOPMENT_TEAM = KG6GWND6BG;
				ENABLE_PREVIEWS = YES;
				GENERATE_INFOPLIST_FILE = YES;
				INFOPLIST_KEY_UIApplicationSceneManifest_Generation = YES;
				INFOPLIST_KEY_UIApplicationSupportsIndirectInputEvents = YES;
				INFOPLIST_KEY_UILaunchScreen_Generation = YES;
				INFOPLIST_KEY_UISupportedInterfaceOrientations_iPad = "UIInterfaceOrientationPortrait UIInterfaceOrientationPortraitUpsideDown UIInterfaceOrientationLandscapeLeft UIInterfaceOrientationLandscapeRight";
				INFOPLIST_KEY_UISupportedInterfaceOrientations_iPhone = "UIInterfaceOrientationPortrait UIInterfaceOrientationLandscapeLeft UIInterfaceOrientationLandscapeRight";
				LD_RUNPATH_SEARCH_PATHS = (
					"$(inherited)",
					"@executable_path/Frameworks",
				);
				MARKETING_VERSION = 1.0;
				PRODUCT_BUNDLE_IDENTIFIER = com.lightricks.AsyncCoordinators;
				PRODUCT_NAME = "$(TARGET_NAME)";
				SWIFT_EMIT_LOC_STRINGS = YES;
				SWIFT_VERSION = 5.0;
				TARGETED_DEVICE_FAMILY = "1,2";
			};
			name = Release;
		};
		C811ED8826D3751F009D1C32 /* Debug */ = {
			isa = XCBuildConfiguration;
			buildSettings = {
				ALWAYS_EMBED_SWIFT_STANDARD_LIBRARIES = YES;
				BUNDLE_LOADER = "$(TEST_HOST)";
				CODE_SIGN_STYLE = Automatic;
				CURRENT_PROJECT_VERSION = 1;
				DEVELOPMENT_TEAM = KG6GWND6BG;
				GENERATE_INFOPLIST_FILE = YES;
				IPHONEOS_DEPLOYMENT_TARGET = 14.0;
				LD_RUNPATH_SEARCH_PATHS = (
					"$(inherited)",
					"@executable_path/Frameworks",
					"@loader_path/Frameworks",
				);
				MARKETING_VERSION = 1.0;
				PRODUCT_BUNDLE_IDENTIFIER = com.lightricks.AsyncCoordinatorsTests;
				PRODUCT_NAME = "$(TARGET_NAME)";
				SWIFT_EMIT_LOC_STRINGS = NO;
				SWIFT_VERSION = 5.0;
				TARGETED_DEVICE_FAMILY = "1,2";
				TEST_HOST = "$(BUILT_PRODUCTS_DIR)/AsyncCoordinators.app/AsyncCoordinators";
			};
			name = Debug;
		};
		C811ED8926D3751F009D1C32 /* Release */ = {
			isa = XCBuildConfiguration;
			buildSettings = {
				ALWAYS_EMBED_SWIFT_STANDARD_LIBRARIES = YES;
				BUNDLE_LOADER = "$(TEST_HOST)";
				CODE_SIGN_STYLE = Automatic;
				CURRENT_PROJECT_VERSION = 1;
				DEVELOPMENT_TEAM = KG6GWND6BG;
				GENERATE_INFOPLIST_FILE = YES;
				IPHONEOS_DEPLOYMENT_TARGET = 14.0;
				LD_RUNPATH_SEARCH_PATHS = (
					"$(inherited)",
					"@executable_path/Frameworks",
					"@loader_path/Frameworks",
				);
				MARKETING_VERSION = 1.0;
				PRODUCT_BUNDLE_IDENTIFIER = com.lightricks.AsyncCoordinatorsTests;
				PRODUCT_NAME = "$(TARGET_NAME)";
				SWIFT_EMIT_LOC_STRINGS = NO;
				SWIFT_VERSION = 5.0;
				TARGETED_DEVICE_FAMILY = "1,2";
				TEST_HOST = "$(BUILT_PRODUCTS_DIR)/AsyncCoordinators.app/AsyncCoordinators";
			};
			name = Release;
		};
		C811ED8B26D3751F009D1C32 /* Debug */ = {
			isa = XCBuildConfiguration;
			buildSettings = {
				ALWAYS_EMBED_SWIFT_STANDARD_LIBRARIES = YES;
				CODE_SIGN_STYLE = Automatic;
				CURRENT_PROJECT_VERSION = 1;
				DEVELOPMENT_TEAM = KG6GWND6BG;
				GENERATE_INFOPLIST_FILE = YES;
				LD_RUNPATH_SEARCH_PATHS = (
					"$(inherited)",
					"@executable_path/Frameworks",
					"@loader_path/Frameworks",
				);
				MARKETING_VERSION = 1.0;
				PRODUCT_BUNDLE_IDENTIFIER = com.lightricks.AsyncCoordinatorsUITests;
				PRODUCT_NAME = "$(TARGET_NAME)";
				SWIFT_EMIT_LOC_STRINGS = NO;
				SWIFT_VERSION = 5.0;
				TARGETED_DEVICE_FAMILY = "1,2";
				TEST_TARGET_NAME = AsyncCoordinators;
			};
			name = Debug;
		};
		C811ED8C26D3751F009D1C32 /* Release */ = {
			isa = XCBuildConfiguration;
			buildSettings = {
				ALWAYS_EMBED_SWIFT_STANDARD_LIBRARIES = YES;
				CODE_SIGN_STYLE = Automatic;
				CURRENT_PROJECT_VERSION = 1;
				DEVELOPMENT_TEAM = KG6GWND6BG;
				GENERATE_INFOPLIST_FILE = YES;
				LD_RUNPATH_SEARCH_PATHS = (
					"$(inherited)",
					"@executable_path/Frameworks",
					"@loader_path/Frameworks",
				);
				MARKETING_VERSION = 1.0;
				PRODUCT_BUNDLE_IDENTIFIER = com.lightricks.AsyncCoordinatorsUITests;
				PRODUCT_NAME = "$(TARGET_NAME)";
				SWIFT_EMIT_LOC_STRINGS = NO;
				SWIFT_VERSION = 5.0;
				TARGETED_DEVICE_FAMILY = "1,2";
				TEST_TARGET_NAME = AsyncCoordinators;
			};
			name = Release;
		};
/* End XCBuildConfiguration section */

/* Begin XCConfigurationList section */
		C811ED5B26D3751D009D1C32 /* Build configuration list for PBXProject "AsyncCoordinators" */ = {
			isa = XCConfigurationList;
			buildConfigurations = (
				C811ED8226D3751F009D1C32 /* Debug */,
				C811ED8326D3751F009D1C32 /* Release */,
			);
			defaultConfigurationIsVisible = 0;
			defaultConfigurationName = Release;
		};
		C811ED8426D3751F009D1C32 /* Build configuration list for PBXNativeTarget "AsyncCoordinators" */ = {
			isa = XCConfigurationList;
			buildConfigurations = (
				C811ED8526D3751F009D1C32 /* Debug */,
				C811ED8626D3751F009D1C32 /* Release */,
			);
			defaultConfigurationIsVisible = 0;
			defaultConfigurationName = Release;
		};
		C811ED8726D3751F009D1C32 /* Build configuration list for PBXNativeTarget "AsyncCoordinatorsTests" */ = {
			isa = XCConfigurationList;
			buildConfigurations = (
				C811ED8826D3751F009D1C32 /* Debug */,
				C811ED8926D3751F009D1C32 /* Release */,
			);
			defaultConfigurationIsVisible = 0;
			defaultConfigurationName = Release;
		};
		C811ED8A26D3751F009D1C32 /* Build configuration list for PBXNativeTarget "AsyncCoordinatorsUITests" */ = {
			isa = XCConfigurationList;
			buildConfigurations = (
				C811ED8B26D3751F009D1C32 /* Debug */,
				C811ED8C26D3751F009D1C32 /* Release */,
			);
			defaultConfigurationIsVisible = 0;
			defaultConfigurationName = Release;
		};
/* End XCConfigurationList section */
	};
	rootObject = C811ED5826D3751D009D1C32 /* Project object */;
}
